PODS:
  - AFNetworking (3.1.0):
    - AFNetworking/NSURLSession (= 3.1.0)
    - AFNetworking/Reachability (= 3.1.0)
    - AFNetworking/Security (= 3.1.0)
    - AFNetworking/Serialization (= 3.1.0)
    - AFNetworking/UIKit (= 3.1.0)
  - AFNetworking/NSURLSession (3.1.0):
    - AFNetworking/Reachability
    - AFNetworking/Security
    - AFNetworking/Serialization
  - AFNetworking/Reachability (3.1.0)
  - AFNetworking/Security (3.1.0)
  - AFNetworking/Serialization (3.1.0)
  - AFNetworking/UIKit (3.1.0):
    - AFNetworking/NSURLSession
  - AFOAuth2Manager (3.0.0):
    - AFNetworking/NSURLSession (~> 3.0)
  - Bugly (2.4.8)
  - CTAssetsPickerController (3.3.1):
    - PureLayout (~> 3.0.0)
  - DateTools (2.0.0)
  - DZNEmptyDataSet (1.8.1)
  - FDFullscreenPopGesture (1.1)
  - FMDB (2.7.2):
    - FMDB/standard (= 2.7.2)
  - FMDB/standard (2.7.2)
  - FMDBMigrationManager (1.4.0):
    - FMDBMigrationManager/System (= 1.4.0)
  - FMDBMigrationManager/System (1.4.0):
    - FMDB/standard (>= 2.3)
  - GVUserDefaults (1.0.2)
  - HappyDNS (0.3.12)
  - iCarousel (1.8.3)
  - JTSImageViewController (1.5.1)
  - Mantle (1.5.5):
    - Mantle/extobjc (= 1.5.5)
  - Mantle/extobjc (1.5.5)
  - Masonry (1.1.0)
  - MBProgressHUD (1.0.0)
  - MJExtension (3.0.13)
  - MJRefresh (3.1.15)
  - MTLFMDBAdapter (0.1.9):
    - FMDB (~> 2.3)
    - Mantle (~> 1.5)
  - pop (1.0.10)
  - PureLayout (3.0.2)
  - QBPopupMenu (2.0)
  - Qiniu (7.1.8):
    - AFNetworking (~> 3)
    - HappyDNS (~> 0.3)
  - QQ_XGPush (2.5.0)
  - QRCodeReaderViewController (4.0.2)
  - SAMKeychain (1.5.3)
  - SDWebImage (4.1.2):
    - SDWebImage/Core (= 4.1.2)
  - SDWebImage/Core (4.1.2)
  - SVProgressHUD (2.0.3)
  - UIActionSheet+Blocks (0.9)
  - UITextView+Placeholder (1.2.0)
  - UMengFeedback (2.3.4)
  - WebViewJavascriptBridge (6.0.3)
  - YYKit (1.0.9):
    - YYKit/no-arc (= 1.0.9)
  - YYKit/no-arc (1.0.9)

DEPENDENCIES:
  - AFNetworking (~> 3.0)
  - AFOAuth2Manager
  - Bugly (~> 2.4.8)
  - CTAssetsPickerController
  - DateTools
  - DZNEmptyDataSet
  - FDFullscreenPopGesture (= 1.1)
  - FMDB (~> 2.3)
  - FMDBMigrationManager (= 1.4)
  - GVUserDefaults
  - iCarousel (~> 1.8.3)
  - JTSImageViewController
  - Mantle (= 1.5.5)
  - Masonry
  - MBProgressHUD
  - MJExtension (~> 3.0.13)
  - MJRefresh (~> 3.1.14)
  - MTLFMDBAdapter (~> 0.1.8)
  - pop (~> 1.0)
  - QBPopupMenu
  - Qiniu
  - QQ_XGPush (~> 2.5.0)
  - QRCodeReaderViewController (~> 4.0.2)
  - SAMKeychain
  - SDWebImage (~> 4.1.0)
  - SVProgressHUD (= 2.0.3)
  - UIActionSheet+Blocks
  - UITextView+Placeholder
  - UMengFeedback (~> 2.3.4)
  - WebViewJavascriptBridge
  - YYKit (~> 1.0.9)

SPEC CHECKSUMS:
  AFNetworking: 0f9f92467cc2ad03ea9961c65bb75028ea4d49a9
  AFOAuth2Manager: 54d6ac3c01abd09ca64f00ede0eee3d433e2fdc8
  Bugly: da3c02408c14838d498429320545a8e439392978
  CTAssetsPickerController: 9f5714686bf3480f9a2b1d00b8c86cef43110d6b
  DateTools: 94241485c835d3c962e77b75b4997e758ff5ae6c
  DZNEmptyDataSet: 996c4705866c7f6c0ec825a398169ee7100deae3
  FDFullscreenPopGesture: 3e43a54f2329be74dbda1a5cc3df153b42111c9e
  FMDB: 4113a8a3256bb92cba59165a705c7f056080b579
  FMDBMigrationManager: 7a0481656d3c68e84d7923a403ce7210839876d9
  GVUserDefaults: ea92c5e1a348ffc73b6caf77c1c0781896aead98
  HappyDNS: 74057479773717b81183c87476f781769dadc0ce
  iCarousel: c5b682d2f6ef3338479e0cd87b5bd4847e73e37e
  JTSImageViewController: 85cc59cf15963f1bfb24b15980922be065618059
  Mantle: b1395d0953aa122e8a21251fb677f20b8a9a6638
  Masonry: 1db7cd0e5e34999ac095f67a1d0f7fc664e19140
  MBProgressHUD: 797fffbdf83b36406236328cc560949edd850dcf
  MJExtension: d9fbee1fb9025889dae7d7096e6ecb9d0ff36121
  MJRefresh: 85dfeacbb3ee5a645b4712b39e63a9b87a32acc9
  MTLFMDBAdapter: b5b1c33d42633e4cfd4bb592466c6ee83b0d8b0f
  pop: 5b4498f9dd43b028565f025227fc1a4c2df8a83f
  PureLayout: ac3d68b29d6628957a617156afdbe31a82771070
  QBPopupMenu: 1fe37586c95cb1784e3f4e65e2822922d15ab8aa
  Qiniu: fcc8de1667fc36e055ec7fa6f3048ee24fa32bd6
  QQ_XGPush: 9a9d2ba7a6ad7a18b1237794f327ff91b79f45da
  QRCodeReaderViewController: 8ef1f5043076b52178fd3202a10d13960eb27036
  SAMKeychain: 21e93e983eecc457174e58127c5ecf967ceece92
  SDWebImage: 4b86a229f30a77a39c9a4d1aea624b02a9b30ebe
  SVProgressHUD: f13d117b8bc3f9da2980741a15e0f4eaf5f69a07
  UIActionSheet+Blocks: 1ce482c086babf80ea3a88f118644c34c48d3e72
  UITextView+Placeholder: 54f392cdedf8e945deb820d2dd321613f2373ee3
  UMengFeedback: 5283cc0e324dffca4dd54c4abb3cbded56487817
  WebViewJavascriptBridge: 74316fd3ac8d0feb8aa05430b31ffae6dcdb93f3
  YYKit: c6f89a5e8008fa83a13f9b89fda1ff6ce191eb08

PODFILE CHECKSUM: 7c37856648cea6ef9e0063dc2bfec706235072a1

COCOAPODS: 1.1.1
